
Microsoft Visual Studio Solution File, Format Version 12.00
# Visual Studio Version 16
VisualStudioVersion = 16.0.31605.320
MinimumVisualStudioVersion = 10.0.40219.1
Project("{FAE04EC0-301F-11D3-BF4B-00C04F79EFBC}") = "CoreRazorPage", "CoreRazorPage\CoreRazorPage.csproj", "{EBE1F10C-CDCE-43DB-A188-8DFDDF19C42A}"
EndProject
Global
	GlobalSection(SolutionConfigurationPlatforms) = preSolution
		Debug|Any CPU = Debug|Any CPU
		Release|Any CPU = Release|Any CPU
	EndGlobalSection
	GlobalSection(ProjectConfigurationPlatforms) = postSolution
		{EBE1F10C-CDCE-43DB-A188-8DFDDF19C42A}.Debug|Any CPU.ActiveCfg = Debug|Any CPU
		{EBE1F10C-CDCE-43DB-A188-8DFDDF19C42A}.Debug|Any CPU.Build.0 = Debug|Any CPU
		{EBE1F10C-CDCE-43DB-A188-8DFDDF19C42A}.Release|Any CPU.ActiveCfg = Release|Any CPU
		{EBE1F10C-CDCE-43DB-A188-8DFDDF19C42A}.Release|Any CPU.Build.0 = Release|Any CPU
	EndGlobalSection
	GlobalSection(SolutionProperties) = preSolution
		HideSolutionNode = FALSE
	EndGlobalSection
	GlobalSection(ExtensibilityGlobals) = postSolution
		SolutionGuid = {6BF67458-88A9-4F85-8A93-673AEE2E5AC0}
	EndGlobalSection
EndGlobal
